// !$*UTF8*$!
{
	archiveVersion = 1;
	classes = {
	};
	objectVersion = 46;
	objects = {

/* Begin PBXBuildFile section */
		6FE7D0C91F29910300EAF513 /* main.m in Sources */ = {isa = PBXBuildFile; fileRef = 6FE7D0C81F29910300EAF513 /* main.m */; };
		6FE7D0CC1F29910300EAF513 /* AppDelegate.m in Sources */ = {isa = PBXBuildFile; fileRef = 6FE7D0CB1F29910300EAF513 /* AppDelegate.m */; };
		6FE7D0CF1F29910300EAF513 /* ViewController.m in Sources */ = {isa = PBXBuildFile; fileRef = 6FE7D0CE1F29910300EAF513 /* ViewController.m */; };
		6FE7D0D21F29910300EAF513 /* Main.storyboard in Resources */ = {isa = PBXBuildFile; fileRef = 6FE7D0D01F29910300EAF513 /* Main.storyboard */; };
		6FE7D0D41F29910300EAF513 /* Assets.xcassets in Resources */ = {isa = PBXBuildFile; fileRef = 6FE7D0D31F29910300EAF513 /* Assets.xcassets */; };
		6FE7D0D71F29910300EAF513 /* LaunchScreen.storyboard in Resources */ = {isa = PBXBuildFile; fileRef = 6FE7D0D51F29910300EAF513 /* LaunchScreen.storyboard */; };
		6FE7D0E21F29910300EAF513 /* ReactiveObjCStudyDemoTests.m in Sources */ = {isa = PBXBuildFile; fileRef = 6FE7D0E11F29910300EAF513 /* ReactiveObjCStudyDemoTests.m */; };
		6FE7D0ED1F29910300EAF513 /* ReactiveObjCStudyDemoUITests.m in Sources */ = {isa = PBXBuildFile; fileRef = 6FE7D0EC1F29910300EAF513 /* ReactiveObjCStudyDemoUITests.m */; };
		9BD8A3C64A8AB0048DAA0E7E /* libPods-ReactiveObjCStudyDemoTests.a in Frameworks */ = {isa = PBXBuildFile; fileRef = E5AB0FD4D8316B3136C2B0C3 /* libPods-ReactiveObjCStudyDemoTests.a */; };
		CA5ADC7C0AF241D09BFC7C35 /* libPods-ReactiveObjCStudyDemo.a in Frameworks */ = {isa = PBXBuildFile; fileRef = 3F06F20F80C8AA8EC37ED386 /* libPods-ReactiveObjCStudyDemo.a */; };
		D616514B8A929E91D3DAB5CE /* libPods-ReactiveObjCStudyDemoUITests.a in Frameworks */ = {isa = PBXBuildFile; fileRef = 5AD0686758058644B06039F6 /* libPods-ReactiveObjCStudyDemoUITests.a */; };
/* End PBXBuildFile section */

/* Begin PBXContainerItemProxy section */
		6FE7D0DE1F29910300EAF513 /* PBXContainerItemProxy */ = {
			isa = PBXContainerItemProxy;
			containerPortal = 6FE7D0BC1F29910300EAF513 /* Project object */;
			proxyType = 1;
			remoteGlobalIDString = 6FE7D0C31F29910300EAF513;
			remoteInfo = ReactiveObjCStudyDemo;
		};
		6FE7D0E91F29910300EAF513 /* PBXContainerItemProxy */ = {
			isa = PBXContainerItemProxy;
			containerPortal = 6FE7D0BC1F29910300EAF513 /* Project object */;
			proxyType = 1;
			remoteGlobalIDString = 6FE7D0C31F29910300EAF513;
			remoteInfo = ReactiveObjCStudyDemo;
		};
/* End PBXContainerItemProxy section */

/* Begin PBXFileReference section */
		3F06F20F80C8AA8EC37ED386 /* libPods-ReactiveObjCStudyDemo.a */ = {isa = PBXFileReference; explicitFileType = archive.ar; includeInIndex = 0; path = "libPods-ReactiveObjCStudyDemo.a"; sourceTree = BUILT_PRODUCTS_DIR; };
		5AD0686758058644B06039F6 /* libPods-ReactiveObjCStudyDemoUITests.a */ = {isa = PBXFileReference; explicitFileType = archive.ar; includeInIndex = 0; path = "libPods-ReactiveObjCStudyDemoUITests.a"; sourceTree = BUILT_PRODUCTS_DIR; };
		6FE7D0C41F29910300EAF513 /* ReactiveObjCStudyDemo.app */ = {isa = PBXFileReference; explicitFileType = wrapper.application; includeInIndex = 0; path = ReactiveObjCStudyDemo.app; sourceTree = BUILT_PRODUCTS_DIR; };
		6FE7D0C81F29910300EAF513 /* main.m */ = {isa = PBXFileReference; lastKnownFileType = sourcecode.c.objc; path = main.m; sourceTree = "<group>"; };
		6FE7D0CA1F29910300EAF513 /* AppDelegate.h */ = {isa = PBXFileReference; lastKnownFileType = sourcecode.c.h; path = AppDelegate.h; sourceTree = "<group>"; };
		6FE7D0CB1F29910300EAF513 /* AppDelegate.m */ = {isa = PBXFileReference; lastKnownFileType = sourcecode.c.objc; path = AppDelegate.m; sourceTree = "<group>"; };
		6FE7D0CD1F29910300EAF513 /* ViewController.h */ = {isa = PBXFileReference; lastKnownFileType = sourcecode.c.h; path = ViewController.h; sourceTree = "<group>"; };
		6FE7D0CE1F29910300EAF513 /* ViewController.m */ = {isa = PBXFileReference; lastKnownFileType = sourcecode.c.objc; path = ViewController.m; sourceTree = "<group>"; };
		6FE7D0D11F29910300EAF513 /* Base */ = {isa = PBXFileReference; lastKnownFileType = file.storyboard; name = Base; path = Base.lproj/Main.storyboard; sourceTree = "<group>"; };
		6FE7D0D31F29910300EAF513 /* Assets.xcassets */ = {isa = PBXFileReference; lastKnownFileType = folder.assetcatalog; path = Assets.xcassets; sourceTree = "<group>"; };
		6FE7D0D61F29910300EAF513 /* Base */ = {isa = PBXFileReference; lastKnownFileType = file.storyboard; name = Base; path = Base.lproj/LaunchScreen.storyboard; sourceTree = "<group>"; };
		6FE7D0D81F29910300EAF513 /* Info.plist */ = {isa = PBXFileReference; lastKnownFileType = text.plist.xml; path = Info.plist; sourceTree = "<group>"; };
		6FE7D0DD1F29910300EAF513 /* ReactiveObjCStudyDemoTests.xctest */ = {isa = PBXFileReference; explicitFileType = wrapper.cfbundle; includeInIndex = 0; path = ReactiveObjCStudyDemoTests.xctest; sourceTree = BUILT_PRODUCTS_DIR; };
		6FE7D0E11F29910300EAF513 /* ReactiveObjCStudyDemoTests.m */ = {isa = PBXFileReference; lastKnownFileType = sourcecode.c.objc; path = ReactiveObjCStudyDemoTests.m; sourceTree = "<group>"; };
		6FE7D0E31F29910300EAF513 /* Info.plist */ = {isa = PBXFileReference; lastKnownFileType = text.plist.xml; path = Info.plist; sourceTree = "<group>"; };
		6FE7D0E81F29910300EAF513 /* ReactiveObjCStudyDemoUITests.xctest */ = {isa = PBXFileReference; explicitFileType = wrapper.cfbundle; includeInIndex = 0; path = ReactiveObjCStudyDemoUITests.xctest; sourceTree = BUILT_PRODUCTS_DIR; };
		6FE7D0EC1F29910300EAF513 /* ReactiveObjCStudyDemoUITests.m */ = {isa = PBXFileReference; lastKnownFileType = sourcecode.c.objc; path = ReactiveObjCStudyDemoUITests.m; sourceTree = "<group>"; };
		6FE7D0EE1F29910300EAF513 /* Info.plist */ = {isa = PBXFileReference; lastKnownFileType = text.plist.xml; path = Info.plist; sourceTree = "<group>"; };
		8FDF959ABC9511D4B9A7D2E6 /* Pods-ReactiveObjCStudyDemoUITests.release.xcconfig */ = {isa = PBXFileReference; includeInIndex = 1; lastKnownFileType = text.xcconfig; name = "Pods-ReactiveObjCStudyDemoUITests.release.xcconfig"; path = "Pods/Target Support Files/Pods-ReactiveObjCStudyDemoUITests/Pods-ReactiveObjCStudyDemoUITests.release.xcconfig"; sourceTree = "<group>"; };
		9306693CACB3F43412847AEC /* Pods-ReactiveObjCStudyDemoTests.release.xcconfig */ = {isa = PBXFileReference; includeInIndex = 1; lastKnownFileType = text.xcconfig; name = "Pods-ReactiveObjCStudyDemoTests.release.xcconfig"; path = "Pods/Target Support Files/Pods-ReactiveObjCStudyDemoTests/Pods-ReactiveObjCStudyDemoTests.release.xcconfig"; sourceTree = "<group>"; };
		9CBE1152369AA4E52CE93B3F /* Pods-ReactiveObjCStudyDemoUITests.debug.xcconfig */ = {isa = PBXFileReference; includeInIndex = 1; lastKnownFileType = text.xcconfig; name = "Pods-ReactiveObjCStudyDemoUITests.debug.xcconfig"; path = "Pods/Target Support Files/Pods-ReactiveObjCStudyDemoUITests/Pods-ReactiveObjCStudyDemoUITests.debug.xcconfig"; sourceTree = "<group>"; };
		D452D2A548C291D9DF1898EF /* Pods-ReactiveObjCStudyDemo.debug.xcconfig */ = {isa = PBXFileReference; includeInIndex = 1; lastKnownFileType = text.xcconfig; name = "Pods-ReactiveObjCStudyDemo.debug.xcconfig"; path = "Pods/Target Support Files/Pods-ReactiveObjCStudyDemo/Pods-ReactiveObjCStudyDemo.debug.xcconfig"; sourceTree = "<group>"; };
		E4D05DC2A2053810C6123A09 /* Pods-ReactiveObjCStudyDemoTests.debug.xcconfig */ = {isa = PBXFileReference; includeInIndex = 1; lastKnownFileType = text.xcconfig; name = "Pods-ReactiveObjCStudyDemoTests.debug.xcconfig"; path = "Pods/Target Support Files/Pods-ReactiveObjCStudyDemoTests/Pods-ReactiveObjCStudyDemoTests.debug.xcconfig"; sourceTree = "<group>"; };
		E5AB0FD4D8316B3136C2B0C3 /* libPods-ReactiveObjCStudyDemoTests.a */ = {isa = PBXFileReference; explicitFileType = archive.ar; includeInIndex = 0; path = "libPods-ReactiveObjCStudyDemoTests.a"; sourceTree = BUILT_PRODUCTS_DIR; };
		F2F22A3CE74910D224CA6F33 /* Pods-ReactiveObjCStudyDemo.release.xcconfig */ = {isa = PBXFileReference; includeInIndex = 1; lastKnownFileType = text.xcconfig; name = "Pods-ReactiveObjCStudyDemo.release.xcconfig"; path = "Pods/Target Support Files/Pods-ReactiveObjCStudyDemo/Pods-ReactiveObjCStudyDemo.release.xcconfig"; sourceTree = "<group>"; };
/* End PBXFileReference section */

/* Begin PBXFrameworksBuildPhase section */
		6FE7D0C11F29910300EAF513 /* Frameworks */ = {
			isa = PBXFrameworksBuildPhase;
			buildActionMask = 2147483647;
			files = (
				CA5ADC7C0AF241D09BFC7C35 /* libPods-ReactiveObjCStudyDemo.a in Frameworks */,
			);
			runOnlyForDeploymentPostprocessing = 0;
		};
		6FE7D0DA1F29910300EAF513 /* Frameworks */ = {
			isa = PBXFrameworksBuildPhase;
			buildActionMask = 2147483647;
			files = (
				9BD8A3C64A8AB0048DAA0E7E /* libPods-ReactiveObjCStudyDemoTests.a in Frameworks */,
			);
			runOnlyForDeploymentPostprocessing = 0;
		};
		6FE7D0E51F29910300EAF513 /* Frameworks */ = {
			isa = PBXFrameworksBuildPhase;
			buildActionMask = 2147483647;
			files = (
				D616514B8A929E91D3DAB5CE /* libPods-ReactiveObjCStudyDemoUITests.a in Frameworks */,
			);
			runOnlyForDeploymentPostprocessing = 0;
		};
/* End PBXFrameworksBuildPhase section */

/* Begin PBXGroup section */
		39644163466FDF200E24AD08 /* Frameworks */ = {
			isa = PBXGroup;
			children = (
				3F06F20F80C8AA8EC37ED386 /* libPods-ReactiveObjCStudyDemo.a */,
				E5AB0FD4D8316B3136C2B0C3 /* libPods-ReactiveObjCStudyDemoTests.a */,
				5AD0686758058644B06039F6 /* libPods-ReactiveObjCStudyDemoUITests.a */,
			);
			name = Frameworks;
			sourceTree = "<group>";
		};
		6FE7D0BB1F29910300EAF513 = {
			isa = PBXGroup;
			children = (
				6FE7D0C61F29910300EAF513 /* ReactiveObjCStudyDemo */,
				6FE7D0E01F29910300EAF513 /* ReactiveObjCStudyDemoTests */,
				6FE7D0EB1F29910300EAF513 /* ReactiveObjCStudyDemoUITests */,
				6FE7D0C51F29910300EAF513 /* Products */,
				C2C2D283FF1EC7E1E2F76FE3 /* Pods */,
				39644163466FDF200E24AD08 /* Frameworks */,
			);
			sourceTree = "<group>";
		};
		6FE7D0C51F29910300EAF513 /* Products */ = {
			isa = PBXGroup;
			children = (
				6FE7D0C41F29910300EAF513 /* ReactiveObjCStudyDemo.app */,
				6FE7D0DD1F29910300EAF513 /* ReactiveObjCStudyDemoTests.xctest */,
				6FE7D0E81F29910300EAF513 /* ReactiveObjCStudyDemoUITests.xctest */,
			);
			name = Products;
			sourceTree = "<group>";
		};
		6FE7D0C61F29910300EAF513 /* ReactiveObjCStudyDemo */ = {
			isa = PBXGroup;
			children = (
				6FE7D0CA1F29910300EAF513 /* AppDelegate.h */,
				6FE7D0CB1F29910300EAF513 /* AppDelegate.m */,
				6FE7D0CD1F29910300EAF513 /* ViewController.h */,
				6FE7D0CE1F29910300EAF513 /* ViewController.m */,
				6FE7D0D01F29910300EAF513 /* Main.storyboard */,
				6FE7D0D31F29910300EAF513 /* Assets.xcassets */,
				6FE7D0D51F29910300EAF513 /* LaunchScreen.storyboard */,
				6FE7D0D81F29910300EAF513 /* Info.plist */,
				6FE7D0C71F29910300EAF513 /* Supporting Files */,
			);
			path = ReactiveObjCStudyDemo;
			sourceTree = "<group>";
		};
		6FE7D0C71F29910300EAF513 /* Supporting Files */ = {
			isa = PBXGroup;
			children = (
				6FE7D0C81F29910300EAF513 /* main.m */,
			);
			name = "Supporting Files";
			sourceTree = "<group>";
		};
		6FE7D0E01F29910300EAF513 /* ReactiveObjCStudyDemoTests */ = {
			isa = PBXGroup;
			children = (
				6FE7D0E11F29910300EAF513 /* ReactiveObjCStudyDemoTests.m */,
				6FE7D0E31F29910300EAF513 /* Info.plist */,
			);
			path = ReactiveObjCStudyDemoTests;
			sourceTree = "<group>";
		};
		6FE7D0EB1F29910300EAF513 /* ReactiveObjCStudyDemoUITests */ = {
			isa = PBXGroup;
			children = (
				6FE7D0EC1F29910300EAF513 /* ReactiveObjCStudyDemoUITests.m */,
				6FE7D0EE1F29910300EAF513 /* Info.plist */,
			);
			path = ReactiveObjCStudyDemoUITests;
			sourceTree = "<group>";
		};
		C2C2D283FF1EC7E1E2F76FE3 /* Pods */ = {
			isa = PBXGroup;
			children = (
				D452D2A548C291D9DF1898EF /* Pods-ReactiveObjCStudyDemo.debug.xcconfig */,
				F2F22A3CE74910D224CA6F33 /* Pods-ReactiveObjCStudyDemo.release.xcconfig */,
				E4D05DC2A2053810C6123A09 /* Pods-ReactiveObjCStudyDemoTests.debug.xcconfig */,
				9306693CACB3F43412847AEC /* Pods-ReactiveObjCStudyDemoTests.release.xcconfig */,
				9CBE1152369AA4E52CE93B3F /* Pods-ReactiveObjCStudyDemoUITests.debug.xcconfig */,
				8FDF959ABC9511D4B9A7D2E6 /* Pods-ReactiveObjCStudyDemoUITests.release.xcconfig */,
			);
			name = Pods;
			sourceTree = "<group>";
		};
/* End PBXGroup section */

/* Begin PBXNativeTarget section */
		6FE7D0C31F29910300EAF513 /* ReactiveObjCStudyDemo */ = {
			isa = PBXNativeTarget;
			buildConfigurationList = 6FE7D0F11F29910300EAF513 /* Build configuration list for PBXNativeTarget "ReactiveObjCStudyDemo" */;
			buildPhases = (
				B5B32FB89E45E47B65046A59 /* [CP] Check Pods Manifest.lock */,
				6FE7D0C01F29910300EAF513 /* Sources */,
				6FE7D0C11F29910300EAF513 /* Frameworks */,
				6FE7D0C21F29910300EAF513 /* Resources */,
				BB42BD162970D66A897E130C /* [CP] Embed Pods Frameworks */,
				84E72325AAC82CE66EE761AA /* [CP] Copy Pods Resources */,
			);
			buildRules = (
			);
			dependencies = (
			);
			name = ReactiveObjCStudyDemo;
			productName = ReactiveObjCStudyDemo;
			productReference = 6FE7D0C41F29910300EAF513 /* ReactiveObjCStudyDemo.app */;
			productType = "com.apple.product-type.application";
		};
		6FE7D0DC1F29910300EAF513 /* ReactiveObjCStudyDemoTests */ = {
			isa = PBXNativeTarget;
			buildConfigurationList = 6FE7D0F41F29910300EAF513 /* Build configuration list for PBXNativeTarget "ReactiveObjCStudyDemoTests" */;
			buildPhases = (
				1D4F7E2D59C7F56F884A5B1C /* [CP] Check Pods Manifest.lock */,
				6FE7D0D91F29910300EAF513 /* Sources */,
				6FE7D0DA1F29910300EAF513 /* Frameworks */,
				6FE7D0DB1F29910300EAF513 /* Resources */,
				6F40AFF6AFDB7D868D89F959 /* [CP] Embed Pods Frameworks */,
				CD3A75DB2F4A09E36DBCDDD2 /* [CP] Copy Pods Resources */,
			);
			buildRules = (
			);
			dependencies = (
				6FE7D0DF1F29910300EAF513 /* PBXTargetDependency */,
			);
			name = ReactiveObjCStudyDemoTests;
			productName = ReactiveObjCStudyDemoTests;
			productReference = 6FE7D0DD1F29910300EAF513 /* ReactiveObjCStudyDemoTests.xctest */;
			productType = "com.apple.product-type.bundle.unit-test";
		};
		6FE7D0E71F29910300EAF513 /* ReactiveObjCStudyDemoUITests */ = {
			isa = PBXNativeTarget;
			buildConfigurationList = 6FE7D0F71F29910300EAF513 /* Build configuration list for PBXNativeTarget "ReactiveObjCStudyDemoUITests" */;
			buildPhases = (
				DC608056C28CDA59BD8C436D /* [CP] Check Pods Manifest.lock */,
				6FE7D0E41F29910300EAF513 /* Sources */,
				6FE7D0E51F29910300EAF513 /* Frameworks */,
				6FE7D0E61F29910300EAF513 /* Resources */,
				71AF4E068DDEA3F7671D2E06 /* [CP] Embed Pods Frameworks */,
				294903D12581E9F102D8B954 /* [CP] Copy Pods Resources */,
			);
			buildRules = (
			);
			dependencies = (
				6FE7D0EA1F29910300EAF513 /* PBXTargetDependency */,
			);
			name = ReactiveObjCStudyDemoUITests;
			productName = ReactiveObjCStudyDemoUITests;
			productReference = 6FE7D0E81F29910300EAF513 /* ReactiveObjCStudyDemoUITests.xctest */;
			productType = "com.apple.product-type.bundle.ui-testing";
		};
/* End PBXNativeTarget section */

/* Begin PBXProject section */
		6FE7D0BC1F29910300EAF513 /* Project object */ = {
			isa = PBXProject;
			attributes = {
				LastUpgradeCheck = 0830;
				ORGANIZATIONNAME = XYLXI;
				TargetAttributes = {
					6FE7D0C31F29910300EAF513 = {
						CreatedOnToolsVersion = 8.3.3;
						ProvisioningStyle = Automatic;
					};
					6FE7D0DC1F29910300EAF513 = {
						CreatedOnToolsVersion = 8.3.3;
						ProvisioningStyle = Automatic;
						TestTargetID = 6FE7D0C31F29910300EAF513;
					};
					6FE7D0E71F29910300EAF513 = {
						CreatedOnToolsVersion = 8.3.3;
						ProvisioningStyle = Automatic;
						TestTargetID = 6FE7D0C31F29910300EAF513;
					};
				};
			};
			buildConfigurationList = 6FE7D0BF1F29910300EAF513 /* Build configuration list for PBXProject "ReactiveObjCStudyDemo" */;
			compatibilityVersion = "Xcode 3.2";
			developmentRegion = English;
			hasScannedForEncodings = 0;
			knownRegions = (
				en,
				Base,
			);
			mainGroup = 6FE7D0BB1F29910300EAF513;
			productRefGroup = 6FE7D0C51F29910300EAF513 /* Products */;
			projectDirPath = "";
			projectRoot = "";
			targets = (
				6FE7D0C31F29910300EAF513 /* ReactiveObjCStudyDemo */,
				6FE7D0DC1F29910300EAF513 /* ReactiveObjCStudyDemoTests */,
				6FE7D0E71F29910300EAF513 /* ReactiveObjCStudyDemoUITests */,
			);
		};
/* End PBXProject section */

/* Begin PBXResourcesBuildPhase section */
		6FE7D0C21F29910300EAF513 /* Resources */ = {
			isa = PBXResourcesBuildPhase;
			buildActionMask = 2147483647;
			files = (
				6FE7D0D71F29910300EAF513 /* LaunchScreen.storyboard in Resources */,
				6FE7D0D41F29910300EAF513 /* Assets.xcassets in Resources */,
				6FE7D0D21F29910300EAF513 /* Main.storyboard in Resources */,
			);
			runOnlyForDeploymentPostprocessing = 0;
		};
		6FE7D0DB1F29910300EAF513 /* Resources */ = {
			isa = PBXResourcesBuildPhase;
			buildActionMask = 2147483647;
			files = (
			);
			runOnlyForDeploymentPostprocessing = 0;
		};
		6FE7D0E61F29910300EAF513 /* Resources */ = {
			isa = PBXResourcesBuildPhase;
			buildActionMask = 2147483647;
			files = (
			);
			runOnlyForDeploymentPostprocessing = 0;
		};
/* End PBXResourcesBuildPhase section */

/* Begin PBXShellScriptBuildPhase section */
		1D4F7E2D59C7F56F884A5B1C /* [CP] Check Pods Manifest.lock */ = {
			isa = PBXShellScriptBuildPhase;
			buildActionMask = 2147483647;
			files = (
			);
			inputPaths = (
			);
			name = "[CP] Check Pods Manifest.lock";
			outputPaths = (
			);
			runOnlyForDeploymentPostprocessing = 0;
			shellPath = /bin/sh;
			shellScript = "diff \"${PODS_PODFILE_DIR_PATH}/Podfile.lock\" \"${PODS_ROOT}/Manifest.lock\" > /dev/null\nif [ $? != 0 ] ; then\n    # print error to STDERR\n    echo \"error: The sandbox is not in sync with the Podfile.lock. Run 'pod install' or update your CocoaPods installation.\" >&2\n    exit 1\nfi\n";
			showEnvVarsInLog = 0;
		};
		294903D12581E9F102D8B954 /* [CP] Copy Pods Resources */ = {
			isa = PBXShellScriptBuildPhase;
			buildActionMask = 2147483647;
			files = (
			);
			inputPaths = (
			);
			name = "[CP] Copy Pods Resources";
			outputPaths = (
			);
			runOnlyForDeploymentPostprocessing = 0;
			shellPath = /bin/sh;
			shellScript = "\"${SRCROOT}/Pods/Target Support Files/Pods-ReactiveObjCStudyDemoUITests/Pods-ReactiveObjCStudyDemoUITests-resources.sh\"\n";
			showEnvVarsInLog = 0;
		};
		6F40AFF6AFDB7D868D89F959 /* [CP] Embed Pods Frameworks */ = {
			isa = PBXShellScriptBuildPhase;
			buildActionMask = 2147483647;
			files = (
			);
			inputPaths = (
			);
			name = "[CP] Embed Pods Frameworks";
			outputPaths = (
			);
			runOnlyForDeploymentPostprocessing = 0;
			shellPath = /bin/sh;
			shellScript = "\"${SRCROOT}/Pods/Target Support Files/Pods-ReactiveObjCStudyDemoTests/Pods-ReactiveObjCStudyDemoTests-frameworks.sh\"\n";
			showEnvVarsInLog = 0;
		};
		71AF4E068DDEA3F7671D2E06 /* [CP] Embed Pods Frameworks */ = {
			isa = PBXShellScriptBuildPhase;
			buildActionMask = 2147483647;
			files = (
			);
			inputPaths = (
			);
			name = "[CP] Embed Pods Frameworks";
			outputPaths = (
			);
			runOnlyForDeploymentPostprocessing = 0;
			shellPath = /bin/sh;
			shellScript = "\"${SRCROOT}/Pods/Target Support Files/Pods-ReactiveObjCStudyDemoUITests/Pods-ReactiveObjCStudyDemoUITests-frameworks.sh\"\n";
			showEnvVarsInLog = 0;
		};
		84E72325AAC82CE66EE761AA /* [CP] Copy Pods Resources */ = {
			isa = PBXShellScriptBuildPhase;
			buildActionMask = 2147483647;
			files = (
			);
			inputPaths = (
			);
			name = "[CP] Copy Pods Resources";
			outputPaths = (
			);
			runOnlyForDeploymentPostprocessing = 0;
			shellPath = /bin/sh;
			shellScript = "\"${SRCROOT}/Pods/Target Support Files/Pods-ReactiveObjCStudyDemo/Pods-ReactiveObjCStudyDemo-resources.sh\"\n";
			showEnvVarsInLog = 0;
		};
		B5B32FB89E45E47B65046A59 /* [CP] Check Pods Manifest.lock */ = {
			isa = PBXShellScriptBuildPhase;
			buildActionMask = 2147483647;
			files = (
			);
			inputPaths = (
			);
			name = "[CP] Check Pods Manifest.lock";
			outputPaths = (
			);
			runOnlyForDeploymentPostprocessing = 0;
			shellPath = /bin/sh;
			shellScript = "diff \"${PODS_PODFILE_DIR_PATH}/Podfile.lock\" \"${PODS_ROOT}/Manifest.lock\" > /dev/null\nif [ $? != 0 ] ; then\n    # print error to STDERR\n    echo \"error: The sandbox is not in sync with the Podfile.lock. Run 'pod install' or update your CocoaPods installation.\" >&2\n    exit 1\nfi\n";
			showEnvVarsInLog = 0;
		};
		BB42BD162970D66A897E130C /* [CP] Embed Pods Frameworks */ = {
			isa = PBXShellScriptBuildPhase;
			buildActionMask = 2147483647;
			files = (
			);
			inputPaths = (
			);
			name = "[CP] Embed Pods Frameworks";
			outputPaths = (
			);
			runOnlyForDeploymentPostprocessing = 0;
			shellPath = /bin/sh;
			shellScript = "\"${SRCROOT}/Pods/Target Support Files/Pods-ReactiveObjCStudyDemo/Pods-ReactiveObjCStudyDemo-frameworks.sh\"\n";
			showEnvVarsInLog = 0;
		};
		CD3A75DB2F4A09E36DBCDDD2 /* [CP] Copy Pods Resources */ = {
			isa = PBXShellScriptBuildPhase;
			buildActionMask = 2147483647;
			files = (
			);
			inputPaths = (
			);
			name = "[CP] Copy Pods Resources";
			outputPaths = (
			);
			runOnlyForDeploymentPostprocessing = 0;
			shellPath = /bin/sh;
			shellScript = "\"${SRCROOT}/Pods/Target Support Files/Pods-ReactiveObjCStudyDemoTests/Pods-ReactiveObjCStudyDemoTests-resources.sh\"\n";
			showEnvVarsInLog = 0;
		};
		DC608056C28CDA59BD8C436D /* [CP] Check Pods Manifest.lock */ = {
			isa = PBXShellScriptBuildPhase;
			buildActionMask = 2147483647;
			files = (
			);
			inputPaths = (
			);
			name = "[CP] Check Pods Manifest.lock";
			outputPaths = (
			);
			runOnlyForDeploymentPostprocessing = 0;
			shellPath = /bin/sh;
			shellScript = "diff \"${PODS_PODFILE_DIR_PATH}/Podfile.lock\" \"${PODS_ROOT}/Manifest.lock\" > /dev/null\nif [ $? != 0 ] ; then\n    # print error to STDERR\n    echo \"error: The sandbox is not in sync with the Podfile.lock. Run 'pod install' or update your CocoaPods installation.\" >&2\n    exit 1\nfi\n";
			showEnvVarsInLog = 0;
		};
/* End PBXShellScriptBuildPhase section */

/* Begin PBXSourcesBuildPhase section */
		6FE7D0C01F29910300EAF513 /* Sources */ = {
			isa = PBXSourcesBuildPhase;
			buildActionMask = 2147483647;
			files = (
				6FE7D0CF1F29910300EAF513 /* ViewController.m in Sources */,
				6FE7D0CC1F29910300EAF513 /* AppDelegate.m in Sources */,
				6FE7D0C91F29910300EAF513 /* main.m in Sources */,
			);
			runOnlyForDeploymentPostprocessing = 0;
		};
		6FE7D0D91F29910300EAF513 /* Sources */ = {
			isa = PBXSourcesBuildPhase;
			buildActionMask = 2147483647;
			files = (
				6FE7D0E21F29910300EAF513 /* ReactiveObjCStudyDemoTests.m in Sources */,
			);
			runOnlyForDeploymentPostprocessing = 0;
		};
		6FE7D0E41F29910300EAF513 /* Sources */ = {
			isa = PBXSourcesBuildPhase;
			buildActionMask = 2147483647;
			files = (
				6FE7D0ED1F29910300EAF513 /* ReactiveObjCStudyDemoUITests.m in Sources */,
			);
			runOnlyForDeploymentPostprocessing = 0;
		};
/* End PBXSourcesBuildPhase section */

/* Begin PBXTargetDependency section */
		6FE7D0DF1F29910300EAF513 /* PBXTargetDependency */ = {
			isa = PBXTargetDependency;
			target = 6FE7D0C31F29910300EAF513 /* ReactiveObjCStudyDemo */;
			targetProxy = 6FE7D0DE1F29910300EAF513 /* PBXContainerItemProxy */;
		};
		6FE7D0EA1F29910300EAF513 /* PBXTargetDependency */ = {
			isa = PBXTargetDependency;
			target = 6FE7D0C31F29910300EAF513 /* ReactiveObjCStudyDemo */;
			targetProxy = 6FE7D0E91F29910300EAF513 /* PBXContainerItemProxy */;
		};
/* End PBXTargetDependency section */

/* Begin PBXVariantGroup section */
		6FE7D0D01F29910300EAF513 /* Main.storyboard */ = {
			isa = PBXVariantGroup;
			children = (
				6FE7D0D11F29910300EAF513 /* Base */,
			);
			name = Main.storyboard;
			sourceTree = "<group>";
		};
		6FE7D0D51F29910300EAF513 /* LaunchScreen.storyboard */ = {
			isa = PBXVariantGroup;
			children = (
				6FE7D0D61F29910300EAF513 /* Base */,
			);
			name = LaunchScreen.storyboard;
			sourceTree = "<group>";
		};
/* End PBXVariantGroup section */

/* Begin XCBuildConfiguration section */
		6FE7D0EF1F29910300EAF513 /* Debug */ = {
			isa = XCBuildConfiguration;
			buildSettings = {
				ALWAYS_SEARCH_USER_PATHS = NO;
				CLANG_ANALYZER_NONNULL = YES;
				CLANG_ANALYZER_NUMBER_OBJECT_CONVERSION = YES_AGGRESSIVE;
				CLANG_CXX_LANGUAGE_STANDARD = "gnu++0x";
				CLANG_CXX_LIBRARY = "libc++";
				CLANG_ENABLE_MODULES = YES;
				CLANG_ENABLE_OBJC_ARC = YES;
				CLANG_WARN_BOOL_CONVERSION = YES;
				CLANG_WARN_CONSTANT_CONVERSION = YES;
				CLANG_WARN_DIRECT_OBJC_ISA_USAGE = YES_ERROR;
				CLANG_WARN_DOCUMENTATION_COMMENTS = YES;
				CLANG_WARN_EMPTY_BODY = YES;
				CLANG_WARN_ENUM_CONVERSION = YES;
				CLANG_WARN_INFINITE_RECURSION = YES;
				CLANG_WARN_INT_CONVERSION = YES;
				CLANG_WARN_OBJC_ROOT_CLASS = YES_ERROR;
				CLANG_WARN_SUSPICIOUS_MOVE = YES;
				CLANG_WARN_UNREACHABLE_CODE = YES;
				CLANG_WARN__DUPLICATE_METHOD_MATCH = YES;
				"CODE_SIGN_IDENTITY[sdk=iphoneos*]" = "iPhone Developer";
				COPY_PHASE_STRIP = NO;
				DEBUG_INFORMATION_FORMAT = dwarf;
				ENABLE_STRICT_OBJC_MSGSEND = YES;
				ENABLE_TESTABILITY = YES;
				GCC_C_LANGUAGE_STANDARD = gnu99;
				GCC_DYNAMIC_NO_PIC = NO;
				GCC_NO_COMMON_BLOCKS = YES;
				GCC_OPTIMIZATION_LEVEL = 0;
				GCC_PREPROCESSOR_DEFINITIONS = (
					"DEBUG=1",
					"$(inherited)",
				);
				GCC_WARN_64_TO_32_BIT_CONVERSION = YES;
				GCC_WARN_ABOUT_RETURN_TYPE = YES_ERROR;
				GCC_WARN_UNDECLARED_SELECTOR = YES;
				GCC_WARN_UNINITIALIZED_AUTOS = YES_AGGRESSIVE;
				GCC_WARN_UNUSED_FUNCTION = YES;
				GCC_WARN_UNUSED_VARIABLE = YES;
				IPHONEOS_DEPLOYMENT_TARGET = 10.3;
				MTL_ENABLE_DEBUG_INFO = YES;
				ONLY_ACTIVE_ARCH = YES;
				SDKROOT = iphoneos;
			};
			name = Debug;
		};
		6FE7D0F01F29910300EAF513 /* Release */ = {
			isa = XCBuildConfiguration;
			buildSettings = {
				ALWAYS_SEARCH_USER_PATHS = NO;
				CLANG_ANALYZER_NONNULL = YES;
				CLANG_ANALYZER_NUMBER_OBJECT_CONVERSION = YES_AGGRESSIVE;
				CLANG_CXX_LANGUAGE_STANDARD = "gnu++0x";
				CLANG_CXX_LIBRARY = "libc++";
				CLANG_ENABLE_MODULES = YES;
				CLANG_ENABLE_OBJC_ARC = YES;
				CLANG_WARN_BOOL_CONVERSION = YES;
				CLANG_WARN_CONSTANT_CONVERSION = YES;
				CLANG_WARN_DIRECT_OBJC_ISA_USAGE = YES_ERROR;
				CLANG_WARN_DOCUMENTATION_COMMENTS = YES;
				CLANG_WARN_EMPTY_BODY = YES;
				CLANG_WARN_ENUM_CONVERSION = YES;
				CLANG_WARN_INFINITE_RECURSION = YES;
				CLANG_WARN_INT_CONVERSION = YES;
				CLANG_WARN_OBJC_ROOT_CLASS = YES_ERROR;
				CLANG_WARN_SUSPICIOUS_MOVE = YES;
				CLANG_WARN_UNREACHABLE_CODE = YES;
				CLANG_WARN__DUPLICATE_METHOD_MATCH = YES;
				"CODE_SIGN_IDENTITY[sdk=iphoneos*]" = "iPhone Developer";
				COPY_PHASE_STRIP = NO;
				DEBUG_INFORMATION_FORMAT = "dwarf-with-dsym";
				ENABLE_NS_ASSERTIONS = NO;
				ENABLE_STRICT_OBJC_MSGSEND = YES;
				GCC_C_LANGUAGE_STANDARD = gnu99;
				GCC_NO_COMMON_BLOCKS = YES;
				GCC_WARN_64_TO_32_BIT_CONVERSION = YES;
				GCC_WARN_ABOUT_RETURN_TYPE = YES_ERROR;
				GCC_WARN_UNDECLARED_SELECTOR = YES;
				GCC_WARN_UNINITIALIZED_AUTOS = YES_AGGRESSIVE;
				GCC_WARN_UNUSED_FUNCTION = YES;
				GCC_WARN_UNUSED_VARIABLE = YES;
				IPHONEOS_DEPLOYMENT_TARGET = 10.3;
				MTL_ENABLE_DEBUG_INFO = NO;
				SDKROOT = iphoneos;
				VALIDATE_PRODUCT = YES;
			};
			name = Release;
		};
		6FE7D0F21F29910300EAF513 /* Debug */ = {
			isa = XCBuildConfiguration;
			baseConfigurationReference = D452D2A548C291D9DF1898EF /* Pods-ReactiveObjCStudyDemo.debug.xcconfig */;
			buildSettings = {
				ASSETCATALOG_COMPILER_APPICON_NAME = AppIcon;
				INFOPLIST_FILE = ReactiveObjCStudyDemo/Info.plist;
				LD_RUNPATH_SEARCH_PATHS = "$(inherited) @executable_path/Frameworks";
				PRODUCT_BUNDLE_IDENTIFIER = com.xylxi.ReactiveObjCStudyDemo;
				PRODUCT_NAME = "$(TARGET_NAME)";
			};
			name = Debug;
		};
		6FE7D0F31F29910300EAF513 /* Release */ = {
			isa = XCBuildConfiguration;
			baseConfigurationReference = F2F22A3CE74910D224CA6F33 /* Pods-ReactiveObjCStudyDemo.release.xcconfig */;
			buildSettings = {
				ASSETCATALOG_COMPILER_APPICON_NAME = AppIcon;
				INFOPLIST_FILE = ReactiveObjCStudyDemo/Info.plist;
				LD_RUNPATH_SEARCH_PATHS = "$(inherited) @executable_path/Frameworks";
				PRODUCT_BUNDLE_IDENTIFIER = com.xylxi.ReactiveObjCStudyDemo;
				PRODUCT_NAME = "$(TARGET_NAME)";
			};
			name = Release;
		};
		6FE7D0F51F29910300EAF513 /* Debug */ = {
			isa = XCBuildConfiguration;
			baseConfigurationReference = E4D05DC2A2053810C6123A09 /* Pods-ReactiveObjCStudyDemoTests.debug.xcconfig */;
			buildSettings = {
				BUNDLE_LOADER = "$(TEST_HOST)";
				INFOPLIST_FILE = ReactiveObjCStudyDemoTests/Info.plist;
				LD_RUNPATH_SEARCH_PATHS = "$(inherited) @executable_path/Frameworks @loader_path/Frameworks";
				PRODUCT_BUNDLE_IDENTIFIER = com.xylxi.ReactiveObjCStudyDemoTests;
				PRODUCT_NAME = "$(TARGET_NAME)";
				TEST_HOST = "$(BUILT_PRODUCTS_DIR)/ReactiveObjCStudyDemo.app/ReactiveObjCStudyDemo";
			};
			name = Debug;
		};
		6FE7D0F61F29910300EAF513 /* Release */ = {
			isa = XCBuildConfiguration;
			baseConfigurationReference = 9306693CACB3F43412847AEC /* Pods-ReactiveObjCStudyDemoTests.release.xcconfig */;
			buildSettings = {
				BUNDLE_LOADER = "$(TEST_HOST)";
				INFOPLIST_FILE = ReactiveObjCStudyDemoTests/Info.plist;
				LD_RUNPATH_SEARCH_PATHS = "$(inherited) @executable_path/Frameworks @loader_path/Frameworks";
				PRODUCT_BUNDLE_IDENTIFIER = com.xylxi.ReactiveObjCStudyDemoTests;
				PRODUCT_NAME = "$(TARGET_NAME)";
				TEST_HOST = "$(BUILT_PRODUCTS_DIR)/ReactiveObjCStudyDemo.app/ReactiveObjCStudyDemo";
			};
			name = Release;
		};
		6FE7D0F81F29910300EAF513 /* Debug */ = {
			isa = XCBuildConfiguration;
			baseConfigurationReference = 9CBE1152369AA4E52CE93B3F /* Pods-ReactiveObjCStudyDemoUITests.debug.xcconfig */;
			buildSettings = {
				INFOPLIST_FILE = ReactiveObjCStudyDemoUITests/Info.plist;
				LD_RUNPATH_SEARCH_PATHS = "$(inherited) @executable_path/Frameworks @loader_path/Frameworks";
				PRODUCT_BUNDLE_IDENTIFIER = com.xylxi.ReactiveObjCStudyDemoUITests;
				PRODUCT_NAME = "$(TARGET_NAME)";
				TEST_TARGET_NAME = ReactiveObjCStudyDemo;
			};
			name = Debug;
		};
		6FE7D0F91F29910300EAF513 /* Release */ = {
			isa = XCBuildConfiguration;
			baseConfigurationReference = 8FDF959ABC9511D4B9A7D2E6 /* Pods-ReactiveObjCStudyDemoUITests.release.xcconfig */;
			buildSettings = {
				INFOPLIST_FILE = ReactiveObjCStudyDemoUITests/Info.plist;
				LD_RUNPATH_SEARCH_PATHS = "$(inherited) @executable_path/Frameworks @loader_path/Frameworks";
				PRODUCT_BUNDLE_IDENTIFIER = com.xylxi.ReactiveObjCStudyDemoUITests;
				PRODUCT_NAME = "$(TARGET_NAME)";
				TEST_TARGET_NAME = ReactiveObjCStudyDemo;
			};
			name = Release;
		};
/* End XCBuildConfiguration section */

/* Begin XCConfigurationList section */
		6FE7D0BF1F29910300EAF513 /* Build configuration list for PBXProject "ReactiveObjCStudyDemo" */ = {
			isa = XCConfigurationList;
			buildConfigurations = (
				6FE7D0EF1F29910300EAF513 /* Debug */,
				6FE7D0F01F29910300EAF513 /* Release */,
			);
			defaultConfigurationIsVisible = 0;
			defaultConfigurationName = Release;
		};
		6FE7D0F11F29910300EAF513 /* Build configuration list for PBXNativeTarget "ReactiveObjCStudyDemo" */ = {
			isa = XCConfigurationList;
			buildConfigurations = (
				6FE7D0F21F29910300EAF513 /* Debug */,
				6FE7D0F31F29910300EAF513 /* Release */,
			);
			defaultConfigurationIsVisible = 0;
		};
		6FE7D0F41F29910300EAF513 /* Build configuration list for PBXNativeTarget "ReactiveObjCStudyDemoTests" */ = {
			isa = XCConfigurationList;
			buildConfigurations = (
				6FE7D0F51F29910300EAF513 /* Debug */,
				6FE7D0F61F29910300EAF513 /* Release */,
			);
			defaultConfigurationIsVisible = 0;
		};
		6FE7D0F71F29910300EAF513 /* Build configuration list for PBXNativeTarget "ReactiveObjCStudyDemoUITests" */ = {
			isa = XCConfigurationList;
			buildConfigurations = (
				6FE7D0F81F29910300EAF513 /* Debug */,
				6FE7D0F91F29910300EAF513 /* Release */,
			);
			defaultConfigurationIsVisible = 0;
		};
/* End XCConfigurationList section */
	};
	rootObject = 6FE7D0BC1F29910300EAF513 /* Project object */;
}
